
Microsoft Visual Studio Solution File, Format Version 12.00
# Visual Studio Version 17
VisualStudioVersion = 17.2.32630.192
MinimumVisualStudioVersion = 10.0.40219.1
Project("{9A19103F-16F7-4668-BE54-9A1E7A4F7556}") = "WebApp", "WebApp\WebApp.csproj", "{5EAFB715-9247-4C43-ACED-CE8EC96A9725}"
EndProject
Global
	GlobalSection(SolutionConfigurationPlatforms) = preSolution
		Debug|Any CPU = Debug|Any CPU
		Release|Any CPU = Release|Any CPU
	EndGlobalSection
	GlobalSection(ProjectConfigurationPlatforms) = postSolution
		{5EAFB715-9247-4C43-ACED-CE8EC96A9725}.Debug|Any CPU.ActiveCfg = Debug|Any CPU
		{5EAFB715-9247-4C43-ACED-CE8EC96A9725}.Debug|Any CPU.Build.0 = Debug|Any CPU
		{5EAFB715-9247-4C43-ACED-CE8EC96A9725}.Release|Any CPU.ActiveCfg = Release|Any CPU
		{5EAFB715-9247-4C43-ACED-CE8EC96A9725}.Release|Any CPU.Build.0 = Release|Any CPU
	EndGlobalSection
	GlobalSection(SolutionProperties) = preSolution
		HideSolutionNode = FALSE
	EndGlobalSection
	GlobalSection(ExtensibilityGlobals) = postSolution
		SolutionGuid = {C54B48AC-AD08-4CBD-A9F4-2381E5D98A9C}
	EndGlobalSection
EndGlobal
